
Microsoft Visual Studio Solution File, Format Version 12.00
# Visual Studio Version 17
VisualStudioVersion = 17.7.34024.191
MinimumVisualStudioVersion = 10.0.40219.1
Project("{FAE04EC0-301F-11D3-BF4B-00C04F79EFBC}") = "WindowWPF", "WindowWPF.csproj", "{A410DF59-E49E-401F-A0CB-DD788D55C4BF}"
EndProject
Global
	GlobalSection(SolutionConfigurationPlatforms) = preSolution
		Debug|Any CPU = Debug|Any CPU
		Release|Any CPU = Release|Any CPU
	EndGlobalSection
	GlobalSection(ProjectConfigurationPlatforms) = postSolution
		{A410DF59-E49E-401F-A0CB-DD788D55C4BF}.Debug|Any CPU.ActiveCfg = Debug|Any CPU
		{A410DF59-E49E-401F-A0CB-DD788D55C4BF}.Debug|Any CPU.Build.0 = Debug|Any CPU
		{A410DF59-E49E-401F-A0CB-DD788D55C4BF}.Release|Any CPU.ActiveCfg = Release|Any CPU
		{A410DF59-E49E-401F-A0CB-DD788D55C4BF}.Release|Any CPU.Build.0 = Release|Any CPU
	EndGlobalSection
	GlobalSection(SolutionProperties) = preSolution
		HideSolutionNode = FALSE
	EndGlobalSection
	GlobalSection(ExtensibilityGlobals) = postSolution
		SolutionGuid = {074179D9-C25B-4B14-9DA1-B82E1DD1AC8E}
	EndGlobalSection
EndGlobal
